// !$*UTF8*$!
{
	archiveVersion = 1;
	classes = {
	};
	objectVersion = 56;
	objects = {

/* Begin PBXBuildFile section */
		E80FE6052AC1CB2000C1BEC7 /* Constraintable+Size.swift in Sources */ = {isa = PBXBuildFile; fileRef = E80FE6042AC1CB2000C1BEC7 /* Constraintable+Size.swift */; };
		E80FE6072AC1CC4D00C1BEC7 /* Constraintable+Center.swift in Sources */ = {isa = PBXBuildFile; fileRef = E80FE6062AC1CC4D00C1BEC7 /* Constraintable+Center.swift */; };
		E80FE60A2AC1D23E00C1BEC7 /* Constraintable+Fill.swift in Sources */ = {isa = PBXBuildFile; fileRef = E80FE6092AC1D23E00C1BEC7 /* Constraintable+Fill.swift */; };
		E82CE7462AAB3113009714EC /* AppDelegate.swift in Sources */ = {isa = PBXBuildFile; fileRef = E82CE7452AAB3113009714EC /* AppDelegate.swift */; };
		E82CE74A2AAB3113009714EC /* ViewController.swift in Sources */ = {isa = PBXBuildFile; fileRef = E82CE7492AAB3113009714EC /* ViewController.swift */; };
		E82CE74F2AAB3113009714EC /* Assets.xcassets in Resources */ = {isa = PBXBuildFile; fileRef = E82CE74E2AAB3113009714EC /* Assets.xcassets */; };
		E82CE7522AAB3113009714EC /* LaunchScreen.storyboard in Resources */ = {isa = PBXBuildFile; fileRef = E82CE7502AAB3113009714EC /* LaunchScreen.storyboard */; };
		E85782DA2ABB20DF00BAA76B /* Constraintable.swift in Sources */ = {isa = PBXBuildFile; fileRef = E85782D92ABB20DF00BAA76B /* Constraintable.swift */; };
		E85782DD2ABB232300BAA76B /* UIView+Constraint.swift in Sources */ = {isa = PBXBuildFile; fileRef = E85782DC2ABB232300BAA76B /* UIView+Constraint.swift */; };
		E85782E02ABB270500BAA76B /* Constraintable+Basic.swift in Sources */ = {isa = PBXBuildFile; fileRef = E85782DF2ABB270500BAA76B /* Constraintable+Basic.swift */; };
		E8A4D5C72AC326C30005EE25 /* Constraintable+Remove.swift in Sources */ = {isa = PBXBuildFile; fileRef = E8A4D5C62AC326C30005EE25 /* Constraintable+Remove.swift */; };
/* End PBXBuildFile section */

/* Begin PBXFileReference section */
		E80FE6042AC1CB2000C1BEC7 /* Constraintable+Size.swift */ = {isa = PBXFileReference; lastKnownFileType = sourcecode.swift; path = "Constraintable+Size.swift"; sourceTree = "<group>"; };
		E80FE6062AC1CC4D00C1BEC7 /* Constraintable+Center.swift */ = {isa = PBXFileReference; lastKnownFileType = sourcecode.swift; path = "Constraintable+Center.swift"; sourceTree = "<group>"; };
		E80FE6092AC1D23E00C1BEC7 /* Constraintable+Fill.swift */ = {isa = PBXFileReference; lastKnownFileType = sourcecode.swift; path = "Constraintable+Fill.swift"; sourceTree = "<group>"; };
		E82CE7422AAB3113009714EC /* Autolayout.app */ = {isa = PBXFileReference; explicitFileType = wrapper.application; includeInIndex = 0; path = Autolayout.app; sourceTree = BUILT_PRODUCTS_DIR; };
		E82CE7452AAB3113009714EC /* AppDelegate.swift */ = {isa = PBXFileReference; lastKnownFileType = sourcecode.swift; path = AppDelegate.swift; sourceTree = "<group>"; };
		E82CE7492AAB3113009714EC /* ViewController.swift */ = {isa = PBXFileReference; lastKnownFileType = sourcecode.swift; path = ViewController.swift; sourceTree = "<group>"; };
		E82CE74E2AAB3113009714EC /* Assets.xcassets */ = {isa = PBXFileReference; lastKnownFileType = folder.assetcatalog; path = Assets.xcassets; sourceTree = "<group>"; };
		E82CE7512AAB3113009714EC /* Base */ = {isa = PBXFileReference; lastKnownFileType = file.storyboard; name = Base; path = Base.lproj/LaunchScreen.storyboard; sourceTree = "<group>"; };
		E82CE7532AAB3113009714EC /* Info.plist */ = {isa = PBXFileReference; lastKnownFileType = text.plist.xml; path = Info.plist; sourceTree = "<group>"; };
		E85782D92ABB20DF00BAA76B /* Constraintable.swift */ = {isa = PBXFileReference; lastKnownFileType = sourcecode.swift; path = Constraintable.swift; sourceTree = "<group>"; };
		E85782DC2ABB232300BAA76B /* UIView+Constraint.swift */ = {isa = PBXFileReference; lastKnownFileType = sourcecode.swift; path = "UIView+Constraint.swift"; sourceTree = "<group>"; };
		E85782DF2ABB270500BAA76B /* Constraintable+Basic.swift */ = {isa = PBXFileReference; lastKnownFileType = sourcecode.swift; path = "Constraintable+Basic.swift"; sourceTree = "<group>"; };
		E8A4D5C62AC326C30005EE25 /* Constraintable+Remove.swift */ = {isa = PBXFileReference; lastKnownFileType = sourcecode.swift; path = "Constraintable+Remove.swift"; sourceTree = "<group>"; };
/* End PBXFileReference section */

/* Begin PBXFrameworksBuildPhase section */
		E82CE73F2AAB3113009714EC /* Frameworks */ = {
			isa = PBXFrameworksBuildPhase;
			buildActionMask = 2147483647;
			files = (
			);
			runOnlyForDeploymentPostprocessing = 0;
		};
/* End PBXFrameworksBuildPhase section */

/* Begin PBXGroup section */
		E82CE7392AAB3113009714EC = {
			isa = PBXGroup;
			children = (
				E82CE7442AAB3113009714EC /* Autolayout */,
				E82CE7432AAB3113009714EC /* Products */,
			);
			sourceTree = "<group>";
		};
		E82CE7432AAB3113009714EC /* Products */ = {
			isa = PBXGroup;
			children = (
				E82CE7422AAB3113009714EC /* Autolayout.app */,
			);
			name = Products;
			sourceTree = "<group>";
		};
		E82CE7442AAB3113009714EC /* Autolayout */ = {
			isa = PBXGroup;
			children = (
				E82CE7452AAB3113009714EC /* AppDelegate.swift */,
				E82CE7492AAB3113009714EC /* ViewController.swift */,
				E82CE74E2AAB3113009714EC /* Assets.xcassets */,
				E82CE7502AAB3113009714EC /* LaunchScreen.storyboard */,
				E82CE7532AAB3113009714EC /* Info.plist */,
				E85782DB2ABB228100BAA76B /* Constraintable */,
			);
			path = Autolayout;
			sourceTree = "<group>";
		};
		E85782DB2ABB228100BAA76B /* Constraintable */ = {
			isa = PBXGroup;
			children = (
				E85782D92ABB20DF00BAA76B /* Constraintable.swift */,
				E85782DC2ABB232300BAA76B /* UIView+Constraint.swift */,
				E85782DF2ABB270500BAA76B /* Constraintable+Basic.swift */,
				E80FE6042AC1CB2000C1BEC7 /* Constraintable+Size.swift */,
				E80FE6062AC1CC4D00C1BEC7 /* Constraintable+Center.swift */,
				E80FE6092AC1D23E00C1BEC7 /* Constraintable+Fill.swift */,
				E8A4D5C62AC326C30005EE25 /* Constraintable+Remove.swift */,
			);
			path = Constraintable;
			sourceTree = "<group>";
		};
/* End PBXGroup section */

/* Begin PBXNativeTarget section */
		E82CE7412AAB3113009714EC /* Autolayout */ = {
			isa = PBXNativeTarget;
			buildConfigurationList = E82CE7562AAB3113009714EC /* Build configuration list for PBXNativeTarget "Autolayout" */;
			buildPhases = (
				E82CE73E2AAB3113009714EC /* Sources */,
				E82CE73F2AAB3113009714EC /* Frameworks */,
				E82CE7402AAB3113009714EC /* Resources */,
			);
			buildRules = (
			);
			dependencies = (
			);
			name = Autolayout;
			productName = Autolayout;
			productReference = E82CE7422AAB3113009714EC /* Autolayout.app */;
			productType = "com.apple.product-type.application";
		};
/* End PBXNativeTarget section */

/* Begin PBXProject section */
		E82CE73A2AAB3113009714EC /* Project object */ = {
			isa = PBXProject;
			attributes = {
				BuildIndependentTargetsInParallel = 1;
				LastSwiftUpdateCheck = 1430;
				LastUpgradeCheck = 1430;
				TargetAttributes = {
					E82CE7412AAB3113009714EC = {
						CreatedOnToolsVersion = 14.3.1;
					};
				};
			};
			buildConfigurationList = E82CE73D2AAB3113009714EC /* Build configuration list for PBXProject "Autolayout" */;
			compatibilityVersion = "Xcode 14.0";
			developmentRegion = en;
			hasScannedForEncodings = 0;
			knownRegions = (
				en,
				Base,
			);
			mainGroup = E82CE7392AAB3113009714EC;
			productRefGroup = E82CE7432AAB3113009714EC /* Products */;
			projectDirPath = "";
			projectRoot = "";
			targets = (
				E82CE7412AAB3113009714EC /* Autolayout */,
			);
		};
/* End PBXProject section */

/* Begin PBXResourcesBuildPhase section */
		E82CE7402AAB3113009714EC /* Resources */ = {
			isa = PBXResourcesBuildPhase;
			buildActionMask = 2147483647;
			files = (
				E82CE7522AAB3113009714EC /* LaunchScreen.storyboard in Resources */,
				E82CE74F2AAB3113009714EC /* Assets.xcassets in Resources */,
			);
			runOnlyForDeploymentPostprocessing = 0;
		};
/* End PBXResourcesBuildPhase section */

/* Begin PBXSourcesBuildPhase section */
		E82CE73E2AAB3113009714EC /* Sources */ = {
			isa = PBXSourcesBuildPhase;
			buildActionMask = 2147483647;
			files = (
				E85782E02ABB270500BAA76B /* Constraintable+Basic.swift in Sources */,
				E85782DA2ABB20DF00BAA76B /* Constraintable.swift in Sources */,
				E8A4D5C72AC326C30005EE25 /* Constraintable+Remove.swift in Sources */,
				E82CE74A2AAB3113009714EC /* ViewController.swift in Sources */,
				E80FE6052AC1CB2000C1BEC7 /* Constraintable+Size.swift in Sources */,
				E82CE7462AAB3113009714EC /* AppDelegate.swift in Sources */,
				E85782DD2ABB232300BAA76B /* UIView+Constraint.swift in Sources */,
				E80FE6072AC1CC4D00C1BEC7 /* Constraintable+Center.swift in Sources */,
				E80FE60A2AC1D23E00C1BEC7 /* Constraintable+Fill.swift in Sources */,
			);
			runOnlyForDeploymentPostprocessing = 0;
		};
/* End PBXSourcesBuildPhase section */

/* Begin PBXVariantGroup section */
		E82CE7502AAB3113009714EC /* LaunchScreen.storyboard */ = {
			isa = PBXVariantGroup;
			children = (
				E82CE7512AAB3113009714EC /* Base */,
			);
			name = LaunchScreen.storyboard;
			sourceTree = "<group>";
		};
/* End PBXVariantGroup section */

/* Begin XCBuildConfiguration section */
		E82CE7542AAB3113009714EC /* Debug */ = {
			isa = XCBuildConfiguration;
			buildSettings = {
				ALWAYS_SEARCH_USER_PATHS = NO;
				CLANG_ANALYZER_NONNULL = YES;
				CLANG_ANALYZER_NUMBER_OBJECT_CONVERSION = YES_AGGRESSIVE;
				CLANG_CXX_LANGUAGE_STANDARD = "gnu++20";
				CLANG_ENABLE_MODULES = YES;
				CLANG_ENABLE_OBJC_ARC = YES;
				CLANG_ENABLE_OBJC_WEAK = YES;
				CLANG_WARN_BLOCK_CAPTURE_AUTORELEASING = YES;
				CLANG_WARN_BOOL_CONVERSION = YES;
				CLANG_WARN_COMMA = YES;
				CLANG_WARN_CONSTANT_CONVERSION = YES;
				CLANG_WARN_DEPRECATED_OBJC_IMPLEMENTATIONS = YES;
				CLANG_WARN_DIRECT_OBJC_ISA_USAGE = YES_ERROR;
				CLANG_WARN_DOCUMENTATION_COMMENTS = YES;
				CLANG_WARN_EMPTY_BODY = YES;
				CLANG_WARN_ENUM_CONVERSION = YES;
				CLANG_WARN_INFINITE_RECURSION = YES;
				CLANG_WARN_INT_CONVERSION = YES;
				CLANG_WARN_NON_LITERAL_NULL_CONVERSION = YES;
				CLANG_WARN_OBJC_IMPLICIT_RETAIN_SELF = YES;
				CLANG_WARN_OBJC_LITERAL_CONVERSION = YES;
				CLANG_WARN_OBJC_ROOT_CLASS = YES_ERROR;
				CLANG_WARN_QUOTED_INCLUDE_IN_FRAMEWORK_HEADER = YES;
				CLANG_WARN_RANGE_LOOP_ANALYSIS = YES;
				CLANG_WARN_STRICT_PROTOTYPES = YES;
				CLANG_WARN_SUSPICIOUS_MOVE = YES;
				CLANG_WARN_UNGUARDED_AVAILABILITY = YES_AGGRESSIVE;
				CLANG_WARN_UNREACHABLE_CODE = YES;
				CLANG_WARN__DUPLICATE_METHOD_MATCH = YES;
				COPY_PHASE_STRIP = NO;
				DEBUG_INFORMATION_FORMAT = dwarf;
				ENABLE_STRICT_OBJC_MSGSEND = YES;
				ENABLE_TESTABILITY = YES;
				GCC_C_LANGUAGE_STANDARD = gnu11;
				GCC_DYNAMIC_NO_PIC = NO;
				GCC_NO_COMMON_BLOCKS = YES;
				GCC_OPTIMIZATION_LEVEL = 0;
				GCC_PREPROCESSOR_DEFINITIONS = (
					"DEBUG=1",
					"$(inherited)",
				);
				GCC_WARN_64_TO_32_BIT_CONVERSION = YES;
				GCC_WARN_ABOUT_RETURN_TYPE = YES_ERROR;
				GCC_WARN_UNDECLARED_SELECTOR = YES;
				GCC_WARN_UNINITIALIZED_AUTOS = YES_AGGRESSIVE;
				GCC_WARN_UNUSED_FUNCTION = YES;
				GCC_WARN_UNUSED_VARIABLE = YES;
				IPHONEOS_DEPLOYMENT_TARGET = 16.4;
				MTL_ENABLE_DEBUG_INFO = INCLUDE_SOURCE;
				MTL_FAST_MATH = YES;
				ONLY_ACTIVE_ARCH = YES;
				SDKROOT = iphoneos;
				SWIFT_ACTIVE_COMPILATION_CONDITIONS = DEBUG;
				SWIFT_OPTIMIZATION_LEVEL = "-Onone";
			};
			name = Debug;
		};
		E82CE7552AAB3113009714EC /* Release */ = {
			isa = XCBuildConfiguration;
			buildSettings = {
				ALWAYS_SEARCH_USER_PATHS = NO;
				CLANG_ANALYZER_NONNULL = YES;
				CLANG_ANALYZER_NUMBER_OBJECT_CONVERSION = YES_AGGRESSIVE;
				CLANG_CXX_LANGUAGE_STANDARD = "gnu++20";
				CLANG_ENABLE_MODULES = YES;
				CLANG_ENABLE_OBJC_ARC = YES;
				CLANG_ENABLE_OBJC_WEAK = YES;
				CLANG_WARN_BLOCK_CAPTURE_AUTORELEASING = YES;
				CLANG_WARN_BOOL_CONVERSION = YES;
				CLANG_WARN_COMMA = YES;
				CLANG_WARN_CONSTANT_CONVERSION = YES;
				CLANG_WARN_DEPRECATED_OBJC_IMPLEMENTATIONS = YES;
				CLANG_WARN_DIRECT_OBJC_ISA_USAGE = YES_ERROR;
				CLANG_WARN_DOCUMENTATION_COMMENTS = YES;
				CLANG_WARN_EMPTY_BODY = YES;
				CLANG_WARN_ENUM_CONVERSION = YES;
				CLANG_WARN_INFINITE_RECURSION = YES;
				CLANG_WARN_INT_CONVERSION = YES;
				CLANG_WARN_NON_LITERAL_NULL_CONVERSION = YES;
				CLANG_WARN_OBJC_IMPLICIT_RETAIN_SELF = YES;
				CLANG_WARN_OBJC_LITERAL_CONVERSION = YES;
				CLANG_WARN_OBJC_ROOT_CLASS = YES_ERROR;
				CLANG_WARN_QUOTED_INCLUDE_IN_FRAMEWORK_HEADER = YES;
				CLANG_WARN_RANGE_LOOP_ANALYSIS = YES;
				CLANG_WARN_STRICT_PROTOTYPES = YES;
				CLANG_WARN_SUSPICIOUS_MOVE = YES;
				CLANG_WARN_UNGUARDED_AVAILABILITY = YES_AGGRESSIVE;
				CLANG_WARN_UNREACHABLE_CODE = YES;
				CLANG_WARN__DUPLICATE_METHOD_MATCH = YES;
				COPY_PHASE_STRIP = NO;
				DEBUG_INFORMATION_FORMAT = "dwarf-with-dsym";
				ENABLE_NS_ASSERTIONS = NO;
				ENABLE_STRICT_OBJC_MSGSEND = YES;
				GCC_C_LANGUAGE_STANDARD = gnu11;
				GCC_NO_COMMON_BLOCKS = YES;
				GCC_WARN_64_TO_32_BIT_CONVERSION = YES;
				GCC_WARN_ABOUT_RETURN_TYPE = YES_ERROR;
				GCC_WARN_UNDECLARED_SELECTOR = YES;
				GCC_WARN_UNINITIALIZED_AUTOS = YES_AGGRESSIVE;
				GCC_WARN_UNUSED_FUNCTION = YES;
				GCC_WARN_UNUSED_VARIABLE = YES;
				IPHONEOS_DEPLOYMENT_TARGET = 16.4;
				MTL_ENABLE_DEBUG_INFO = NO;
				MTL_FAST_MATH = YES;
				SDKROOT = iphoneos;
				SWIFT_COMPILATION_MODE = wholemodule;
				SWIFT_OPTIMIZATION_LEVEL = "-O";
				VALIDATE_PRODUCT = YES;
			};
			name = Release;
		};
		E82CE7572AAB3113009714EC /* Debug */ = {
			isa = XCBuildConfiguration;
			buildSettings = {
				ASSETCATALOG_COMPILER_APPICON_NAME = AppIcon;
				ASSETCATALOG_COMPILER_GLOBAL_ACCENT_COLOR_NAME = AccentColor;
				CODE_SIGN_STYLE = Automatic;
				CURRENT_PROJECT_VERSION = 1;
				DEVELOPMENT_TEAM = 7M6MBB64LB;
				GENERATE_INFOPLIST_FILE = YES;
				INFOPLIST_FILE = Autolayout/Info.plist;
				INFOPLIST_KEY_UIApplicationSupportsIndirectInputEvents = YES;
				INFOPLIST_KEY_UILaunchStoryboardName = LaunchScreen;
				INFOPLIST_KEY_UISupportedInterfaceOrientations = UIInterfaceOrientationPortrait;
				INFOPLIST_KEY_UISupportedInterfaceOrientations_iPad = "UIInterfaceOrientationLandscapeLeft UIInterfaceOrientationLandscapeRight UIInterfaceOrientationPortrait UIInterfaceOrientationPortraitUpsideDown";
				IPHONEOS_DEPLOYMENT_TARGET = 13.0;
				LD_RUNPATH_SEARCH_PATHS = (
					"$(inherited)",
					"@executable_path/Frameworks",
				);
				MARKETING_VERSION = 1.0;
				PRODUCT_BUNDLE_IDENTIFIER = autolayout.Autolayout;
				PRODUCT_NAME = "$(TARGET_NAME)";
				SUPPORTED_PLATFORMS = "iphoneos iphonesimulator";
				SUPPORTS_MACCATALYST = NO;
				SUPPORTS_MAC_DESIGNED_FOR_IPHONE_IPAD = NO;
				SWIFT_EMIT_LOC_STRINGS = YES;
				SWIFT_VERSION = 5.0;
				TARGETED_DEVICE_FAMILY = 1;
			};
			name = Debug;
		};
		E82CE7582AAB3113009714EC /* Release */ = {
			isa = XCBuildConfiguration;
			buildSettings = {
				ASSETCATALOG_COMPILER_APPICON_NAME = AppIcon;
				ASSETCATALOG_COMPILER_GLOBAL_ACCENT_COLOR_NAME = AccentColor;
				CODE_SIGN_STYLE = Automatic;
				CURRENT_PROJECT_VERSION = 1;
				DEVELOPMENT_TEAM = 7M6MBB64LB;
				GENERATE_INFOPLIST_FILE = YES;
				INFOPLIST_FILE = Autolayout/Info.plist;
				INFOPLIST_KEY_UIApplicationSupportsIndirectInputEvents = YES;
				INFOPLIST_KEY_UILaunchStoryboardName = LaunchScreen;
				INFOPLIST_KEY_UISupportedInterfaceOrientations = UIInterfaceOrientationPortrait;
				INFOPLIST_KEY_UISupportedInterfaceOrientations_iPad = "UIInterfaceOrientationLandscapeLeft UIInterfaceOrientationLandscapeRight UIInterfaceOrientationPortrait UIInterfaceOrientationPortraitUpsideDown";
				IPHONEOS_DEPLOYMENT_TARGET = 13.0;
				LD_RUNPATH_SEARCH_PATHS = (
					"$(inherited)",
					"@executable_path/Frameworks",
				);
				MARKETING_VERSION = 1.0;
				PRODUCT_BUNDLE_IDENTIFIER = autolayout.Autolayout;
				PRODUCT_NAME = "$(TARGET_NAME)";
				SUPPORTED_PLATFORMS = "iphoneos iphonesimulator";
				SUPPORTS_MACCATALYST = NO;
				SUPPORTS_MAC_DESIGNED_FOR_IPHONE_IPAD = NO;
				SWIFT_EMIT_LOC_STRINGS = YES;
				SWIFT_VERSION = 5.0;
				TARGETED_DEVICE_FAMILY = 1;
			};
			name = Release;
		};
/* End XCBuildConfiguration section */

/* Begin XCConfigurationList section */
		E82CE73D2AAB3113009714EC /* Build configuration list for PBXProject "Autolayout" */ = {
			isa = XCConfigurationList;
			buildConfigurations = (
				E82CE7542AAB3113009714EC /* Debug */,
				E82CE7552AAB3113009714EC /* Release */,
			);
			defaultConfigurationIsVisible = 0;
			defaultConfigurationName = Release;
		};
		E82CE7562AAB3113009714EC /* Build configuration list for PBXNativeTarget "Autolayout" */ = {
			isa = XCConfigurationList;
			buildConfigurations = (
				E82CE7572AAB3113009714EC /* Debug */,
				E82CE7582AAB3113009714EC /* Release */,
			);
			defaultConfigurationIsVisible = 0;
			defaultConfigurationName = Release;
		};
/* End XCConfigurationList section */
	};
	rootObject = E82CE73A2AAB3113009714EC /* Project object */;
}
